
Microsoft Visual Studio Solution File, Format Version 12.00
# Visual Studio Version 17
VisualStudioVersion = 17.7.34031.279
MinimumVisualStudioVersion = 10.0.40219.1
Project("{8BC9CEB8-8B4A-11D0-8D11-00A0C91BC942}") = "Ders1", "Ders1\Ders1.vcxproj", "{2FE16A88-3BAC-48EE-A8F5-49060C641D70}"
EndProject
Project("{8BC9CEB8-8B4A-11D0-8D11-00A0C91BC942}") = "Ornek_Ucgen", "Ornek_Ucgen\Ornek_Ucgen.vcxproj", "{0C1F9F49-7566-4E24-9325-F231879D45E6}"
EndProject
Project("{8BC9CEB8-8B4A-11D0-8D11-00A0C91BC942}") = "Ornek_KompleksSayilar", "Ornek_KompleksSayilar\Ornek_KompleksSayilar.vcxproj", "{9DA0B07B-935E-4D97-BB29-52D3145A0CBB}"
EndProject
Project("{8BC9CEB8-8B4A-11D0-8D11-00A0C91BC942}") = "Ornek_ArrayClassı", "Ornek_ArrayClassı\Ornek_ArrayClassı.vcxproj", "{C454B240-2EFF-4C80-A99A-D8EB35693CAC}"
EndProject
Project("{8BC9CEB8-8B4A-11D0-8D11-00A0C91BC942}") = "Ornek_Tarihler", "Ornek_Tarihler\Ornek_Tarihler.vcxproj", "{FC9E08E9-8E4B-4A55-BBA5-FDA1E3E0A036}"
EndProject
Project("{8BC9CEB8-8B4A-11D0-8D11-00A0C91BC942}") = "Ornek_BankaHesabi", "Ornek_BankaHesabi\Ornek_BankaHesabi.vcxproj", "{977DCE2D-45F0-4052-B508-D118F6B12DA6}"
EndProject
Project("{8BC9CEB8-8B4A-11D0-8D11-00A0C91BC942}") = "Ornek_MatrisSinifi", "Ornek_MatrisSinifi\Ornek_MatrisSinifi.vcxproj", "{AE402B88-9183-434D-9076-0E603318CED1}"
EndProject
Project("{8BC9CEB8-8B4A-11D0-8D11-00A0C91BC942}") = "Ders2-Inheritance", "Ders2-Inheritance\Ders2-Inheritance.vcxproj", "{6E87B9ED-658E-4E42-A489-039FD413D50A}"
EndProject
Project("{8BC9CEB8-8B4A-11D0-8D11-00A0C91BC942}") = "Ornek_KisiSinifi", "Ornek_KisiSinifi\Ornek_KisiSinifi.vcxproj", "{4DF767B5-F9AC-4854-904C-AE0DC805866D}"
EndProject
Project("{8BC9CEB8-8B4A-11D0-8D11-00A0C91BC942}") = "Ornek_KisiSinifi2", "Ornek_KisiSinifi2\Ornek_KisiSinifi2.vcxproj", "{76D7121B-AC12-4955-8460-00F9A2826ED7}"
EndProject
Project("{8BC9CEB8-8B4A-11D0-8D11-00A0C91BC942}") = "Operator_Overloading", "Operator_Overloading\Operator_Overloading.vcxproj", "{3D62B938-389B-417A-AAD5-B36F9F957DD6}"
EndProject
Project("{8BC9CEB8-8B4A-11D0-8D11-00A0C91BC942}") = "odev", "odev\odev.vcxproj", "{EAFD2A6D-328D-4A8A-886B-18AAC68D03DA}"
EndProject
Project("{8BC9CEB8-8B4A-11D0-8D11-00A0C91BC942}") = "Nesne_Odev1", "Nesne_Odev1\Nesne_Odev1.vcxproj", "{3F2C045E-20E1-4F89-8C89-6DB0D56E5144}"
EndProject
Project("{8BC9CEB8-8B4A-11D0-8D11-00A0C91BC942}") = "Nesne_Odev2", "Nesne_Odev2\Nesne_Odev2.vcxproj", "{D2D15ABF-DB63-4CD0-A67E-1DC3956A007D}"
EndProject
Project("{8BC9CEB8-8B4A-11D0-8D11-00A0C91BC942}") = "Ornek_KisiSinifi3", "Ornek_KisiSinifi3\Ornek_KisiSinifi3.vcxproj", "{1794DD4E-4B10-4D21-8ED8-F5CF9E52DC63}"
EndProject
Project("{8BC9CEB8-8B4A-11D0-8D11-00A0C91BC942}") = "Ornek_SoyutAracClassı", "Ornek_SoyutAracClassı\Ornek_SoyutAracClassı.vcxproj", "{F3ED44E6-53CB-4326-96AC-430A625ECC05}"
EndProject
Project("{8BC9CEB8-8B4A-11D0-8D11-00A0C91BC942}") = "Nesne_Odev4", "Nesne_Odev4\Nesne_Odev4.vcxproj", "{A321DCEF-493D-4607-9A29-9FAFD9D946D7}"
EndProject
Project("{8BC9CEB8-8B4A-11D0-8D11-00A0C91BC942}") = "Soyut_SekilSınıfı", "Soyut_SekilSınıfı\Soyut_SekilSınıfı.vcxproj", "{9BDFB03D-EE61-46AC-A416-D428681F5C08}"
EndProject
Global
	GlobalSection(SolutionConfigurationPlatforms) = preSolution
		Debug|x64 = Debug|x64
		Debug|x86 = Debug|x86
		Release|x64 = Release|x64
		Release|x86 = Release|x86
	EndGlobalSection
	GlobalSection(ProjectConfigurationPlatforms) = postSolution
		{2FE16A88-3BAC-48EE-A8F5-49060C641D70}.Debug|x64.ActiveCfg = Debug|x64
		{2FE16A88-3BAC-48EE-A8F5-49060C641D70}.Debug|x64.Build.0 = Debug|x64
		{2FE16A88-3BAC-48EE-A8F5-49060C641D70}.Debug|x86.ActiveCfg = Debug|Win32
		{2FE16A88-3BAC-48EE-A8F5-49060C641D70}.Debug|x86.Build.0 = Debug|Win32
		{2FE16A88-3BAC-48EE-A8F5-49060C641D70}.Release|x64.ActiveCfg = Release|x64
		{2FE16A88-3BAC-48EE-A8F5-49060C641D70}.Release|x64.Build.0 = Release|x64
		{2FE16A88-3BAC-48EE-A8F5-49060C641D70}.Release|x86.ActiveCfg = Release|Win32
		{2FE16A88-3BAC-48EE-A8F5-49060C641D70}.Release|x86.Build.0 = Release|Win32
		{0C1F9F49-7566-4E24-9325-F231879D45E6}.Debug|x64.ActiveCfg = Debug|x64
		{0C1F9F49-7566-4E24-9325-F231879D45E6}.Debug|x64.Build.0 = Debug|x64
		{0C1F9F49-7566-4E24-9325-F231879D45E6}.Debug|x86.ActiveCfg = Debug|Win32
		{0C1F9F49-7566-4E24-9325-F231879D45E6}.Debug|x86.Build.0 = Debug|Win32
		{0C1F9F49-7566-4E24-9325-F231879D45E6}.Release|x64.ActiveCfg = Release|x64
		{0C1F9F49-7566-4E24-9325-F231879D45E6}.Release|x64.Build.0 = Release|x64
		{0C1F9F49-7566-4E24-9325-F231879D45E6}.Release|x86.ActiveCfg = Release|Win32
		{0C1F9F49-7566-4E24-9325-F231879D45E6}.Release|x86.Build.0 = Release|Win32
		{9DA0B07B-935E-4D97-BB29-52D3145A0CBB}.Debug|x64.ActiveCfg = Debug|x64
		{9DA0B07B-935E-4D97-BB29-52D3145A0CBB}.Debug|x64.Build.0 = Debug|x64
		{9DA0B07B-935E-4D97-BB29-52D3145A0CBB}.Debug|x86.ActiveCfg = Debug|Win32
		{9DA0B07B-935E-4D97-BB29-52D3145A0CBB}.Debug|x86.Build.0 = Debug|Win32
		{9DA0B07B-935E-4D97-BB29-52D3145A0CBB}.Release|x64.ActiveCfg = Release|x64
		{9DA0B07B-935E-4D97-BB29-52D3145A0CBB}.Release|x64.Build.0 = Release|x64
		{9DA0B07B-935E-4D97-BB29-52D3145A0CBB}.Release|x86.ActiveCfg = Release|Win32
		{9DA0B07B-935E-4D97-BB29-52D3145A0CBB}.Release|x86.Build.0 = Release|Win32
		{C454B240-2EFF-4C80-A99A-D8EB35693CAC}.Debug|x64.ActiveCfg = Debug|x64
		{C454B240-2EFF-4C80-A99A-D8EB35693CAC}.Debug|x64.Build.0 = Debug|x64
		{C454B240-2EFF-4C80-A99A-D8EB35693CAC}.Debug|x86.ActiveCfg = Debug|Win32
		{C454B240-2EFF-4C80-A99A-D8EB35693CAC}.Debug|x86.Build.0 = Debug|Win32
		{C454B240-2EFF-4C80-A99A-D8EB35693CAC}.Release|x64.ActiveCfg = Release|x64
		{C454B240-2EFF-4C80-A99A-D8EB35693CAC}.Release|x64.Build.0 = Release|x64
		{C454B240-2EFF-4C80-A99A-D8EB35693CAC}.Release|x86.ActiveCfg = Release|Win32
		{C454B240-2EFF-4C80-A99A-D8EB35693CAC}.Release|x86.Build.0 = Release|Win32
		{FC9E08E9-8E4B-4A55-BBA5-FDA1E3E0A036}.Debug|x64.ActiveCfg = Debug|x64
		{FC9E08E9-8E4B-4A55-BBA5-FDA1E3E0A036}.Debug|x64.Build.0 = Debug|x64
		{FC9E08E9-8E4B-4A55-BBA5-FDA1E3E0A036}.Debug|x86.ActiveCfg = Debug|Win32
		{FC9E08E9-8E4B-4A55-BBA5-FDA1E3E0A036}.Debug|x86.Build.0 = Debug|Win32
		{FC9E08E9-8E4B-4A55-BBA5-FDA1E3E0A036}.Release|x64.ActiveCfg = Release|x64
		{FC9E08E9-8E4B-4A55-BBA5-FDA1E3E0A036}.Release|x64.Build.0 = Release|x64
		{FC9E08E9-8E4B-4A55-BBA5-FDA1E3E0A036}.Release|x86.ActiveCfg = Release|Win32
		{FC9E08E9-8E4B-4A55-BBA5-FDA1E3E0A036}.Release|x86.Build.0 = Release|Win32
		{977DCE2D-45F0-4052-B508-D118F6B12DA6}.Debug|x64.ActiveCfg = Debug|x64
		{977DCE2D-45F0-4052-B508-D118F6B12DA6}.Debug|x64.Build.0 = Debug|x64
		{977DCE2D-45F0-4052-B508-D118F6B12DA6}.Debug|x86.ActiveCfg = Debug|Win32
		{977DCE2D-45F0-4052-B508-D118F6B12DA6}.Debug|x86.Build.0 = Debug|Win32
		{977DCE2D-45F0-4052-B508-D118F6B12DA6}.Release|x64.ActiveCfg = Release|x64
		{977DCE2D-45F0-4052-B508-D118F6B12DA6}.Release|x64.Build.0 = Release|x64
		{977DCE2D-45F0-4052-B508-D118F6B12DA6}.Release|x86.ActiveCfg = Release|Win32
		{977DCE2D-45F0-4052-B508-D118F6B12DA6}.Release|x86.Build.0 = Release|Win32
		{AE402B88-9183-434D-9076-0E603318CED1}.Debug|x64.ActiveCfg = Debug|x64
		{AE402B88-9183-434D-9076-0E603318CED1}.Debug|x64.Build.0 = Debug|x64
		{AE402B88-9183-434D-9076-0E603318CED1}.Debug|x86.ActiveCfg = Debug|Win32
		{AE402B88-9183-434D-9076-0E603318CED1}.Debug|x86.Build.0 = Debug|Win32
		{AE402B88-9183-434D-9076-0E603318CED1}.Release|x64.ActiveCfg = Release|x64
		{AE402B88-9183-434D-9076-0E603318CED1}.Release|x64.Build.0 = Release|x64
		{AE402B88-9183-434D-9076-0E603318CED1}.Release|x86.ActiveCfg = Release|Win32
		{AE402B88-9183-434D-9076-0E603318CED1}.Release|x86.Build.0 = Release|Win32
		{6E87B9ED-658E-4E42-A489-039FD413D50A}.Debug|x64.ActiveCfg = Debug|x64
		{6E87B9ED-658E-4E42-A489-039FD413D50A}.Debug|x64.Build.0 = Debug|x64
		{6E87B9ED-658E-4E42-A489-039FD413D50A}.Debug|x86.ActiveCfg = Debug|Win32
		{6E87B9ED-658E-4E42-A489-039FD413D50A}.Debug|x86.Build.0 = Debug|Win32
		{6E87B9ED-658E-4E42-A489-039FD413D50A}.Release|x64.ActiveCfg = Release|x64
		{6E87B9ED-658E-4E42-A489-039FD413D50A}.Release|x64.Build.0 = Release|x64
		{6E87B9ED-658E-4E42-A489-039FD413D50A}.Release|x86.ActiveCfg = Release|Win32
		{6E87B9ED-658E-4E42-A489-039FD413D50A}.Release|x86.Build.0 = Release|Win32
		{4DF767B5-F9AC-4854-904C-AE0DC805866D}.Debug|x64.ActiveCfg = Debug|x64
		{4DF767B5-F9AC-4854-904C-AE0DC805866D}.Debug|x64.Build.0 = Debug|x64
		{4DF767B5-F9AC-4854-904C-AE0DC805866D}.Debug|x86.ActiveCfg = Debug|Win32
		{4DF767B5-F9AC-4854-904C-AE0DC805866D}.Debug|x86.Build.0 = Debug|Win32
		{4DF767B5-F9AC-4854-904C-AE0DC805866D}.Release|x64.ActiveCfg = Release|x64
		{4DF767B5-F9AC-4854-904C-AE0DC805866D}.Release|x64.Build.0 = Release|x64
		{4DF767B5-F9AC-4854-904C-AE0DC805866D}.Release|x86.ActiveCfg = Release|Win32
		{4DF767B5-F9AC-4854-904C-AE0DC805866D}.Release|x86.Build.0 = Release|Win32
		{76D7121B-AC12-4955-8460-00F9A2826ED7}.Debug|x64.ActiveCfg = Debug|x64
		{76D7121B-AC12-4955-8460-00F9A2826ED7}.Debug|x64.Build.0 = Debug|x64
		{76D7121B-AC12-4955-8460-00F9A2826ED7}.Debug|x86.ActiveCfg = Debug|Win32
		{76D7121B-AC12-4955-8460-00F9A2826ED7}.Debug|x86.Build.0 = Debug|Win32
		{76D7121B-AC12-4955-8460-00F9A2826ED7}.Release|x64.ActiveCfg = Release|x64
		{76D7121B-AC12-4955-8460-00F9A2826ED7}.Release|x64.Build.0 = Release|x64
		{76D7121B-AC12-4955-8460-00F9A2826ED7}.Release|x86.ActiveCfg = Release|Win32
		{76D7121B-AC12-4955-8460-00F9A2826ED7}.Release|x86.Build.0 = Release|Win32
		{3D62B938-389B-417A-AAD5-B36F9F957DD6}.Debug|x64.ActiveCfg = Debug|x64
		{3D62B938-389B-417A-AAD5-B36F9F957DD6}.Debug|x64.Build.0 = Debug|x64
		{3D62B938-389B-417A-AAD5-B36F9F957DD6}.Debug|x86.ActiveCfg = Debug|Win32
		{3D62B938-389B-417A-AAD5-B36F9F957DD6}.Debug|x86.Build.0 = Debug|Win32
		{3D62B938-389B-417A-AAD5-B36F9F957DD6}.Release|x64.ActiveCfg = Release|x64
		{3D62B938-389B-417A-AAD5-B36F9F957DD6}.Release|x64.Build.0 = Release|x64
		{3D62B938-389B-417A-AAD5-B36F9F957DD6}.Release|x86.ActiveCfg = Release|Win32
		{3D62B938-389B-417A-AAD5-B36F9F957DD6}.Release|x86.Build.0 = Release|Win32
		{EAFD2A6D-328D-4A8A-886B-18AAC68D03DA}.Debug|x64.ActiveCfg = Debug|x64
		{EAFD2A6D-328D-4A8A-886B-18AAC68D03DA}.Debug|x64.Build.0 = Debug|x64
		{EAFD2A6D-328D-4A8A-886B-18AAC68D03DA}.Debug|x86.ActiveCfg = Debug|Win32
		{EAFD2A6D-328D-4A8A-886B-18AAC68D03DA}.Debug|x86.Build.0 = Debug|Win32
		{EAFD2A6D-328D-4A8A-886B-18AAC68D03DA}.Release|x64.ActiveCfg = Release|x64
		{EAFD2A6D-328D-4A8A-886B-18AAC68D03DA}.Release|x64.Build.0 = Release|x64
		{EAFD2A6D-328D-4A8A-886B-18AAC68D03DA}.Release|x86.ActiveCfg = Release|Win32
		{EAFD2A6D-328D-4A8A-886B-18AAC68D03DA}.Release|x86.Build.0 = Release|Win32
		{3F2C045E-20E1-4F89-8C89-6DB0D56E5144}.Debug|x64.ActiveCfg = Debug|x64
		{3F2C045E-20E1-4F89-8C89-6DB0D56E5144}.Debug|x64.Build.0 = Debug|x64
		{3F2C045E-20E1-4F89-8C89-6DB0D56E5144}.Debug|x86.ActiveCfg = Debug|Win32
		{3F2C045E-20E1-4F89-8C89-6DB0D56E5144}.Debug|x86.Build.0 = Debug|Win32
		{3F2C045E-20E1-4F89-8C89-6DB0D56E5144}.Release|x64.ActiveCfg = Release|x64
		{3F2C045E-20E1-4F89-8C89-6DB0D56E5144}.Release|x64.Build.0 = Release|x64
		{3F2C045E-20E1-4F89-8C89-6DB0D56E5144}.Release|x86.ActiveCfg = Release|Win32
		{3F2C045E-20E1-4F89-8C89-6DB0D56E5144}.Release|x86.Build.0 = Release|Win32
		{D2D15ABF-DB63-4CD0-A67E-1DC3956A007D}.Debug|x64.ActiveCfg = Debug|x64
		{D2D15ABF-DB63-4CD0-A67E-1DC3956A007D}.Debug|x64.Build.0 = Debug|x64
		{D2D15ABF-DB63-4CD0-A67E-1DC3956A007D}.Debug|x86.ActiveCfg = Debug|Win32
		{D2D15ABF-DB63-4CD0-A67E-1DC3956A007D}.Debug|x86.Build.0 = Debug|Win32
		{D2D15ABF-DB63-4CD0-A67E-1DC3956A007D}.Release|x64.ActiveCfg = Release|x64
		{D2D15ABF-DB63-4CD0-A67E-1DC3956A007D}.Release|x64.Build.0 = Release|x64
		{D2D15ABF-DB63-4CD0-A67E-1DC3956A007D}.Release|x86.ActiveCfg = Release|Win32
		{D2D15ABF-DB63-4CD0-A67E-1DC3956A007D}.Release|x86.Build.0 = Release|Win32
		{1794DD4E-4B10-4D21-8ED8-F5CF9E52DC63}.Debug|x64.ActiveCfg = Debug|x64
		{1794DD4E-4B10-4D21-8ED8-F5CF9E52DC63}.Debug|x64.Build.0 = Debug|x64
		{1794DD4E-4B10-4D21-8ED8-F5CF9E52DC63}.Debug|x86.ActiveCfg = Debug|Win32
		{1794DD4E-4B10-4D21-8ED8-F5CF9E52DC63}.Debug|x86.Build.0 = Debug|Win32
		{1794DD4E-4B10-4D21-8ED8-F5CF9E52DC63}.Release|x64.ActiveCfg = Release|x64
		{1794DD4E-4B10-4D21-8ED8-F5CF9E52DC63}.Release|x64.Build.0 = Release|x64
		{1794DD4E-4B10-4D21-8ED8-F5CF9E52DC63}.Release|x86.ActiveCfg = Release|Win32
		{1794DD4E-4B10-4D21-8ED8-F5CF9E52DC63}.Release|x86.Build.0 = Release|Win32
		{F3ED44E6-53CB-4326-96AC-430A625ECC05}.Debug|x64.ActiveCfg = Debug|x64
		{F3ED44E6-53CB-4326-96AC-430A625ECC05}.Debug|x64.Build.0 = Debug|x64
		{F3ED44E6-53CB-4326-96AC-430A625ECC05}.Debug|x86.ActiveCfg = Debug|Win32
		{F3ED44E6-53CB-4326-96AC-430A625ECC05}.Debug|x86.Build.0 = Debug|Win32
		{F3ED44E6-53CB-4326-96AC-430A625ECC05}.Release|x64.ActiveCfg = Release|x64
		{F3ED44E6-53CB-4326-96AC-430A625ECC05}.Release|x64.Build.0 = Release|x64
		{F3ED44E6-53CB-4326-96AC-430A625ECC05}.Release|x86.ActiveCfg = Release|Win32
		{F3ED44E6-53CB-4326-96AC-430A625ECC05}.Release|x86.Build.0 = Release|Win32
		{A321DCEF-493D-4607-9A29-9FAFD9D946D7}.Debug|x64.ActiveCfg = Debug|x64
		{A321DCEF-493D-4607-9A29-9FAFD9D946D7}.Debug|x64.Build.0 = Debug|x64
		{A321DCEF-493D-4607-9A29-9FAFD9D946D7}.Debug|x86.ActiveCfg = Debug|Win32
		{A321DCEF-493D-4607-9A29-9FAFD9D946D7}.Debug|x86.Build.0 = Debug|Win32
		{A321DCEF-493D-4607-9A29-9FAFD9D946D7}.Release|x64.ActiveCfg = Release|x64
		{A321DCEF-493D-4607-9A29-9FAFD9D946D7}.Release|x64.Build.0 = Release|x64
		{A321DCEF-493D-4607-9A29-9FAFD9D946D7}.Release|x86.ActiveCfg = Release|Win32
		{A321DCEF-493D-4607-9A29-9FAFD9D946D7}.Release|x86.Build.0 = Release|Win32
		{9BDFB03D-EE61-46AC-A416-D428681F5C08}.Debug|x64.ActiveCfg = Debug|x64
		{9BDFB03D-EE61-46AC-A416-D428681F5C08}.Debug|x64.Build.0 = Debug|x64
		{9BDFB03D-EE61-46AC-A416-D428681F5C08}.Debug|x86.ActiveCfg = Debug|Win32
		{9BDFB03D-EE61-46AC-A416-D428681F5C08}.Debug|x86.Build.0 = Debug|Win32
		{9BDFB03D-EE61-46AC-A416-D428681F5C08}.Release|x64.ActiveCfg = Release|x64
		{9BDFB03D-EE61-46AC-A416-D428681F5C08}.Release|x64.Build.0 = Release|x64
		{9BDFB03D-EE61-46AC-A416-D428681F5C08}.Release|x86.ActiveCfg = Release|Win32
		{9BDFB03D-EE61-46AC-A416-D428681F5C08}.Release|x86.Build.0 = Release|Win32
	EndGlobalSection
	GlobalSection(SolutionProperties) = preSolution
		HideSolutionNode = FALSE
	EndGlobalSection
	GlobalSection(ExtensibilityGlobals) = postSolution
		SolutionGuid = {AF88174D-DE8F-4A08-93EB-CEDCF60A0DC2}
	EndGlobalSection
EndGlobal
